
Microsoft Visual Studio Solution File, Format Version 12.00
# Visual Studio Version 16
VisualStudioVersion = 16.0.31205.134
MinimumVisualStudioVersion = 10.0.40219.1
Project("{FAE04EC0-301F-11D3-BF4B-00C04F79EFBC}") = "CollectionsDemo", "CollectionsDemo\CollectionsDemo.csproj", "{DCBC56FC-460B-470A-B996-63BF096311C1}"
EndProject
Global
	GlobalSection(SolutionConfigurationPlatforms) = preSolution
		Debug|Any CPU = Debug|Any CPU
		Release|Any CPU = Release|Any CPU
	EndGlobalSection
	GlobalSection(ProjectConfigurationPlatforms) = postSolution
		{DCBC56FC-460B-470A-B996-63BF096311C1}.Debug|Any CPU.ActiveCfg = Debug|Any CPU
		{DCBC56FC-460B-470A-B996-63BF096311C1}.Debug|Any CPU.Build.0 = Debug|Any CPU
		{DCBC56FC-460B-470A-B996-63BF096311C1}.Release|Any CPU.ActiveCfg = Release|Any CPU
		{DCBC56FC-460B-470A-B996-63BF096311C1}.Release|Any CPU.Build.0 = Release|Any CPU
	EndGlobalSection
	GlobalSection(SolutionProperties) = preSolution
		HideSolutionNode = FALSE
	EndGlobalSection
	GlobalSection(ExtensibilityGlobals) = postSolution
		SolutionGuid = {F402B640-2BC6-464B-B5E2-2D6A18301826}
	EndGlobalSection
EndGlobal
